
Microsoft Visual Studio Solution File, Format Version 12.00
# Visual Studio Version 17
VisualStudioVersion = 17.0.31903.59
MinimumVisualStudioVersion = 10.0.40219.1
Project("{FAE04EC0-301F-11D3-BF4B-00C04F79EFBC}") = "Devinettes", "Devinettes\Devinettes.csproj", "{480F4C23-AC03-4E62-BC54-7CA592067388}"
EndProject
Project("{FAE04EC0-301F-11D3-BF4B-00C04F79EFBC}") = "Devinettes.UnitTests", "Devinettes.UnitTests\Devinettes.UnitTests.csproj", "{44201A01-BD46-40D9-887E-B6F2A461E14C}"
EndProject
Global
	GlobalSection(SolutionConfigurationPlatforms) = preSolution
		Debug|Any CPU = Debug|Any CPU
		Release|Any CPU = Release|Any CPU
	EndGlobalSection
	GlobalSection(ProjectConfigurationPlatforms) = postSolution
		{480F4C23-AC03-4E62-BC54-7CA592067388}.Debug|Any CPU.ActiveCfg = Debug|Any CPU
		{480F4C23-AC03-4E62-BC54-7CA592067388}.Debug|Any CPU.Build.0 = Debug|Any CPU
		{480F4C23-AC03-4E62-BC54-7CA592067388}.Release|Any CPU.ActiveCfg = Release|Any CPU
		{480F4C23-AC03-4E62-BC54-7CA592067388}.Release|Any CPU.Build.0 = Release|Any CPU
		{44201A01-BD46-40D9-887E-B6F2A461E14C}.Debug|Any CPU.ActiveCfg = Debug|Any CPU
		{44201A01-BD46-40D9-887E-B6F2A461E14C}.Debug|Any CPU.Build.0 = Debug|Any CPU
		{44201A01-BD46-40D9-887E-B6F2A461E14C}.Release|Any CPU.ActiveCfg = Release|Any CPU
		{44201A01-BD46-40D9-887E-B6F2A461E14C}.Release|Any CPU.Build.0 = Release|Any CPU
	EndGlobalSection
	GlobalSection(SolutionProperties) = preSolution
		HideSolutionNode = FALSE
	EndGlobalSection
EndGlobal
